
Microsoft Visual Studio Solution File, Format Version 12.00
# Visual Studio Version 17
VisualStudioVersion = 17.2.32414.248
MinimumVisualStudioVersion = 10.0.40219.1
Project("{9A19103F-16F7-4668-BE54-9A1E7A4F7556}") = "PW_2022.04.26", "PW_2022.04.26\PW_2022.04.26.csproj", "{78B36AE1-5A37-4AC5-839E-5052F8D5B48A}"
EndProject
Project("{2150E333-8FDC-42A3-9474-1A3956D46DE8}") = "Элементы решения", "Элементы решения", "{DE690140-05EF-47E3-8386-E37E495C46C2}"
	ProjectSection(SolutionItems) = preProject
		Примечание.txt = Примечание.txt
	EndProjectSection
EndProject
Project("{9A19103F-16F7-4668-BE54-9A1E7A4F7556}") = "HW_2022.04.25", "HW_2022.04.25\HW_2022.04.25.csproj", "{1E0E907F-6AF5-408D-950A-FEEEAD810701}"
EndProject
Project("{9A19103F-16F7-4668-BE54-9A1E7A4F7556}") = "PW_2022.04.27", "PW_2022.04.27\PW_2022.04.27.csproj", "{BABE3F5F-6246-4804-8D3F-6BC1EC7BB934}"
EndProject
Project("{9A19103F-16F7-4668-BE54-9A1E7A4F7556}") = "HW_2022.04.27", "HW_2022.04.27\HW_2022.04.27.csproj", "{867F2C41-6262-4510-8854-FB47F913E238}"
EndProject
Project("{9A19103F-16F7-4668-BE54-9A1E7A4F7556}") = "PW_2022.04.29", "PW_2022.04.29\PW_2022.04.29.csproj", "{390653BF-0AEC-4593-BE4A-1F1422FA023F}"
EndProject
Project("{9A19103F-16F7-4668-BE54-9A1E7A4F7556}") = "HW_2022.04.29", "HW_2022.04.29\HW_2022.04.29.csproj", "{18850DAF-A5A1-4F9F-9286-FB6AC44C807F}"
EndProject
Project("{9A19103F-16F7-4668-BE54-9A1E7A4F7556}") = "PW_2022.05.02", "PW_2022.05.02\PW_2022.05.02.csproj", "{1A362757-A0BD-4379-ACF9-E900D4DB9FF3}"
EndProject
Project("{9A19103F-16F7-4668-BE54-9A1E7A4F7556}") = "PW_2022.05.04", "PW_2022.05.04\PW_2022.05.04.csproj", "{030BD274-FA77-4C80-B313-A91928B7C833}"
EndProject
Project("{9A19103F-16F7-4668-BE54-9A1E7A4F7556}") = "HW_2022.05.04", "HW_2022.05.04\HW_2022.05.04.csproj", "{00B0A8D7-2E0B-4D5E-9642-1AEA76D97B09}"
EndProject
Project("{9A19103F-16F7-4668-BE54-9A1E7A4F7556}") = "PW_2022.05.06", "PW_2022.05.06\PW_2022.05.06.csproj", "{BC78CEB9-069C-4B2D-AE0C-B32595460275}"
EndProject
Project("{9A19103F-16F7-4668-BE54-9A1E7A4F7556}") = "HW_2022.05.06", "HW_2022.05.06\HW_2022.05.06.csproj", "{B00E1D02-34C7-4581-82F4-C583334E0C6B}"
EndProject
Project("{9A19103F-16F7-4668-BE54-9A1E7A4F7556}") = "PW_2022.05.09", "PW_2022.05.09\PW_2022.05.09.csproj", "{F667455A-8CBC-40C3-9662-FAA49A732CD1}"
EndProject
Project("{9A19103F-16F7-4668-BE54-9A1E7A4F7556}") = "HW_2022.05.09", "HW_2022.05.09\HW_2022.05.09.csproj", "{E99D65AE-16D3-4541-AB33-1A0B5BE62748}"
EndProject
Project("{9A19103F-16F7-4668-BE54-9A1E7A4F7556}") = "PW_2022.05.11", "PW_2022.05.11\PW_2022.05.11.csproj", "{3FD0A2EB-AB36-4545-B0C4-FD044ACD3856}"
EndProject
Project("{9A19103F-16F7-4668-BE54-9A1E7A4F7556}") = "PW_2022.05.13", "PW_2022.05.13\PW_2022.05.13.csproj", "{A2CC0E73-6F27-44E8-B88C-0C827C44CB5D}"
EndProject
Project("{9A19103F-16F7-4668-BE54-9A1E7A4F7556}") = "HW_2022.05.13", "HW_2022.05.13\HW_2022.05.13.csproj", "{5C6BDC52-5971-441B-B471-B42E9E402262}"
EndProject
Project("{FAE04EC0-301F-11D3-BF4B-00C04F79EFBC}") = "PW_2022.05.16_WPF", "PW_2022.05.16_WPF\PW_2022.05.16_WPF.csproj", "{C05B9A7C-6CD4-46B1-8A69-2EC0E60489E3}"
EndProject
Project("{FAE04EC0-301F-11D3-BF4B-00C04F79EFBC}") = "PW_2022.05.16_WPF_Part_II", "PW_2022.05.16_WPF_Part_II\PW_2022.05.16_WPF_Part_II.csproj", "{03FBA5CE-29B0-4F37-9D54-36A7D3E5B470}"
EndProject
Global
	GlobalSection(SolutionConfigurationPlatforms) = preSolution
		Debug|Any CPU = Debug|Any CPU
		Release|Any CPU = Release|Any CPU
	EndGlobalSection
	GlobalSection(ProjectConfigurationPlatforms) = postSolution
		{78B36AE1-5A37-4AC5-839E-5052F8D5B48A}.Debug|Any CPU.ActiveCfg = Debug|Any CPU
		{78B36AE1-5A37-4AC5-839E-5052F8D5B48A}.Debug|Any CPU.Build.0 = Debug|Any CPU
		{78B36AE1-5A37-4AC5-839E-5052F8D5B48A}.Release|Any CPU.ActiveCfg = Release|Any CPU
		{78B36AE1-5A37-4AC5-839E-5052F8D5B48A}.Release|Any CPU.Build.0 = Release|Any CPU
		{1E0E907F-6AF5-408D-950A-FEEEAD810701}.Debug|Any CPU.ActiveCfg = Debug|Any CPU
		{1E0E907F-6AF5-408D-950A-FEEEAD810701}.Debug|Any CPU.Build.0 = Debug|Any CPU
		{1E0E907F-6AF5-408D-950A-FEEEAD810701}.Release|Any CPU.ActiveCfg = Release|Any CPU
		{1E0E907F-6AF5-408D-950A-FEEEAD810701}.Release|Any CPU.Build.0 = Release|Any CPU
		{BABE3F5F-6246-4804-8D3F-6BC1EC7BB934}.Debug|Any CPU.ActiveCfg = Debug|Any CPU
		{BABE3F5F-6246-4804-8D3F-6BC1EC7BB934}.Debug|Any CPU.Build.0 = Debug|Any CPU
		{BABE3F5F-6246-4804-8D3F-6BC1EC7BB934}.Release|Any CPU.ActiveCfg = Release|Any CPU
		{BABE3F5F-6246-4804-8D3F-6BC1EC7BB934}.Release|Any CPU.Build.0 = Release|Any CPU
		{867F2C41-6262-4510-8854-FB47F913E238}.Debug|Any CPU.ActiveCfg = Debug|Any CPU
		{867F2C41-6262-4510-8854-FB47F913E238}.Debug|Any CPU.Build.0 = Debug|Any CPU
		{867F2C41-6262-4510-8854-FB47F913E238}.Release|Any CPU.ActiveCfg = Release|Any CPU
		{867F2C41-6262-4510-8854-FB47F913E238}.Release|Any CPU.Build.0 = Release|Any CPU
		{390653BF-0AEC-4593-BE4A-1F1422FA023F}.Debug|Any CPU.ActiveCfg = Debug|Any CPU
		{390653BF-0AEC-4593-BE4A-1F1422FA023F}.Debug|Any CPU.Build.0 = Debug|Any CPU
		{390653BF-0AEC-4593-BE4A-1F1422FA023F}.Release|Any CPU.ActiveCfg = Release|Any CPU
		{390653BF-0AEC-4593-BE4A-1F1422FA023F}.Release|Any CPU.Build.0 = Release|Any CPU
		{18850DAF-A5A1-4F9F-9286-FB6AC44C807F}.Debug|Any CPU.ActiveCfg = Debug|Any CPU
		{18850DAF-A5A1-4F9F-9286-FB6AC44C807F}.Debug|Any CPU.Build.0 = Debug|Any CPU
		{18850DAF-A5A1-4F9F-9286-FB6AC44C807F}.Release|Any CPU.ActiveCfg = Release|Any CPU
		{18850DAF-A5A1-4F9F-9286-FB6AC44C807F}.Release|Any CPU.Build.0 = Release|Any CPU
		{1A362757-A0BD-4379-ACF9-E900D4DB9FF3}.Debug|Any CPU.ActiveCfg = Debug|Any CPU
		{1A362757-A0BD-4379-ACF9-E900D4DB9FF3}.Debug|Any CPU.Build.0 = Debug|Any CPU
		{1A362757-A0BD-4379-ACF9-E900D4DB9FF3}.Release|Any CPU.ActiveCfg = Release|Any CPU
		{1A362757-A0BD-4379-ACF9-E900D4DB9FF3}.Release|Any CPU.Build.0 = Release|Any CPU
		{030BD274-FA77-4C80-B313-A91928B7C833}.Debug|Any CPU.ActiveCfg = Debug|Any CPU
		{030BD274-FA77-4C80-B313-A91928B7C833}.Debug|Any CPU.Build.0 = Debug|Any CPU
		{030BD274-FA77-4C80-B313-A91928B7C833}.Release|Any CPU.ActiveCfg = Release|Any CPU
		{030BD274-FA77-4C80-B313-A91928B7C833}.Release|Any CPU.Build.0 = Release|Any CPU
		{00B0A8D7-2E0B-4D5E-9642-1AEA76D97B09}.Debug|Any CPU.ActiveCfg = Debug|Any CPU
		{00B0A8D7-2E0B-4D5E-9642-1AEA76D97B09}.Debug|Any CPU.Build.0 = Debug|Any CPU
		{00B0A8D7-2E0B-4D5E-9642-1AEA76D97B09}.Release|Any CPU.ActiveCfg = Release|Any CPU
		{00B0A8D7-2E0B-4D5E-9642-1AEA76D97B09}.Release|Any CPU.Build.0 = Release|Any CPU
		{BC78CEB9-069C-4B2D-AE0C-B32595460275}.Debug|Any CPU.ActiveCfg = Debug|Any CPU
		{BC78CEB9-069C-4B2D-AE0C-B32595460275}.Debug|Any CPU.Build.0 = Debug|Any CPU
		{BC78CEB9-069C-4B2D-AE0C-B32595460275}.Release|Any CPU.ActiveCfg = Release|Any CPU
		{BC78CEB9-069C-4B2D-AE0C-B32595460275}.Release|Any CPU.Build.0 = Release|Any CPU
		{B00E1D02-34C7-4581-82F4-C583334E0C6B}.Debug|Any CPU.ActiveCfg = Debug|Any CPU
		{B00E1D02-34C7-4581-82F4-C583334E0C6B}.Debug|Any CPU.Build.0 = Debug|Any CPU
		{B00E1D02-34C7-4581-82F4-C583334E0C6B}.Release|Any CPU.ActiveCfg = Release|Any CPU
		{B00E1D02-34C7-4581-82F4-C583334E0C6B}.Release|Any CPU.Build.0 = Release|Any CPU
		{F667455A-8CBC-40C3-9662-FAA49A732CD1}.Debug|Any CPU.ActiveCfg = Debug|Any CPU
		{F667455A-8CBC-40C3-9662-FAA49A732CD1}.Debug|Any CPU.Build.0 = Debug|Any CPU
		{F667455A-8CBC-40C3-9662-FAA49A732CD1}.Release|Any CPU.ActiveCfg = Release|Any CPU
		{F667455A-8CBC-40C3-9662-FAA49A732CD1}.Release|Any CPU.Build.0 = Release|Any CPU
		{E99D65AE-16D3-4541-AB33-1A0B5BE62748}.Debug|Any CPU.ActiveCfg = Debug|Any CPU
		{E99D65AE-16D3-4541-AB33-1A0B5BE62748}.Debug|Any CPU.Build.0 = Debug|Any CPU
		{E99D65AE-16D3-4541-AB33-1A0B5BE62748}.Release|Any CPU.ActiveCfg = Release|Any CPU
		{E99D65AE-16D3-4541-AB33-1A0B5BE62748}.Release|Any CPU.Build.0 = Release|Any CPU
		{3FD0A2EB-AB36-4545-B0C4-FD044ACD3856}.Debug|Any CPU.ActiveCfg = Debug|Any CPU
		{3FD0A2EB-AB36-4545-B0C4-FD044ACD3856}.Debug|Any CPU.Build.0 = Debug|Any CPU
		{3FD0A2EB-AB36-4545-B0C4-FD044ACD3856}.Release|Any CPU.ActiveCfg = Release|Any CPU
		{3FD0A2EB-AB36-4545-B0C4-FD044ACD3856}.Release|Any CPU.Build.0 = Release|Any CPU
		{A2CC0E73-6F27-44E8-B88C-0C827C44CB5D}.Debug|Any CPU.ActiveCfg = Debug|Any CPU
		{A2CC0E73-6F27-44E8-B88C-0C827C44CB5D}.Debug|Any CPU.Build.0 = Debug|Any CPU
		{A2CC0E73-6F27-44E8-B88C-0C827C44CB5D}.Release|Any CPU.ActiveCfg = Release|Any CPU
		{A2CC0E73-6F27-44E8-B88C-0C827C44CB5D}.Release|Any CPU.Build.0 = Release|Any CPU
		{5C6BDC52-5971-441B-B471-B42E9E402262}.Debug|Any CPU.ActiveCfg = Debug|Any CPU
		{5C6BDC52-5971-441B-B471-B42E9E402262}.Debug|Any CPU.Build.0 = Debug|Any CPU
		{5C6BDC52-5971-441B-B471-B42E9E402262}.Release|Any CPU.ActiveCfg = Release|Any CPU
		{5C6BDC52-5971-441B-B471-B42E9E402262}.Release|Any CPU.Build.0 = Release|Any CPU
		{C05B9A7C-6CD4-46B1-8A69-2EC0E60489E3}.Debug|Any CPU.ActiveCfg = Debug|Any CPU
		{C05B9A7C-6CD4-46B1-8A69-2EC0E60489E3}.Debug|Any CPU.Build.0 = Debug|Any CPU
		{C05B9A7C-6CD4-46B1-8A69-2EC0E60489E3}.Release|Any CPU.ActiveCfg = Release|Any CPU
		{C05B9A7C-6CD4-46B1-8A69-2EC0E60489E3}.Release|Any CPU.Build.0 = Release|Any CPU
		{03FBA5CE-29B0-4F37-9D54-36A7D3E5B470}.Debug|Any CPU.ActiveCfg = Debug|Any CPU
		{03FBA5CE-29B0-4F37-9D54-36A7D3E5B470}.Debug|Any CPU.Build.0 = Debug|Any CPU
		{03FBA5CE-29B0-4F37-9D54-36A7D3E5B470}.Release|Any CPU.ActiveCfg = Release|Any CPU
		{03FBA5CE-29B0-4F37-9D54-36A7D3E5B470}.Release|Any CPU.Build.0 = Release|Any CPU
	EndGlobalSection
	GlobalSection(SolutionProperties) = preSolution
		HideSolutionNode = FALSE
	EndGlobalSection
	GlobalSection(ExtensibilityGlobals) = postSolution
		SolutionGuid = {93862F50-9611-4B8B-A358-D6FA3D7EC9C2}
	EndGlobalSection
EndGlobal
