
Microsoft Visual Studio Solution File, Format Version 12.00
# Visual Studio Version 17
VisualStudioVersion = 17.2.32414.248
MinimumVisualStudioVersion = 10.0.40219.1
Project("{9A19103F-16F7-4668-BE54-9A1E7A4F7556}") = "PW_2022.04.26", "PW_2022.04.26\PW_2022.04.26.csproj", "{78B36AE1-5A37-4AC5-839E-5052F8D5B48A}"
EndProject
Project("{2150E333-8FDC-42A3-9474-1A3956D46DE8}") = "Элементы решения", "Элементы решения", "{DE690140-05EF-47E3-8386-E37E495C46C2}"
	ProjectSection(SolutionItems) = preProject
		Примечание.txt = Примечание.txt
	EndProjectSection
EndProject
Project("{9A19103F-16F7-4668-BE54-9A1E7A4F7556}") = "HW_2022.04.25", "HW_2022.04.25\HW_2022.04.25.csproj", "{1E0E907F-6AF5-408D-950A-FEEEAD810701}"
EndProject
Project("{9A19103F-16F7-4668-BE54-9A1E7A4F7556}") = "PW_2022.04.27", "PW_2022.04.27\PW_2022.04.27.csproj", "{BABE3F5F-6246-4804-8D3F-6BC1EC7BB934}"
EndProject
Project("{9A19103F-16F7-4668-BE54-9A1E7A4F7556}") = "HW_2022.04.27", "HW_2022.04.27\HW_2022.04.27.csproj", "{867F2C41-6262-4510-8854-FB47F913E238}"
EndProject
Project("{9A19103F-16F7-4668-BE54-9A1E7A4F7556}") = "PW_2022.04.29", "PW_2022.04.29\PW_2022.04.29.csproj", "{390653BF-0AEC-4593-BE4A-1F1422FA023F}"
EndProject
Project("{9A19103F-16F7-4668-BE54-9A1E7A4F7556}") = "HW_2022.04.29", "HW_2022.04.29\HW_2022.04.29.csproj", "{18850DAF-A5A1-4F9F-9286-FB6AC44C807F}"
EndProject
Project("{9A19103F-16F7-4668-BE54-9A1E7A4F7556}") = "PW_2022.05.02", "PW_2022.05.02\PW_2022.05.02.csproj", "{1A362757-A0BD-4379-ACF9-E900D4DB9FF3}"
EndProject
Project("{9A19103F-16F7-4668-BE54-9A1E7A4F7556}") = "PW_2022.05.04", "PW_2022.05.04\PW_2022.05.04.csproj", "{030BD274-FA77-4C80-B313-A91928B7C833}"
EndProject
Project("{9A19103F-16F7-4668-BE54-9A1E7A4F7556}") = "HW_2022.05.04", "HW_2022.05.04\HW_2022.05.04.csproj", "{00B0A8D7-2E0B-4D5E-9642-1AEA76D97B09}"
EndProject
Project("{9A19103F-16F7-4668-BE54-9A1E7A4F7556}") = "PW_2022.05.06", "PW_2022.05.06\PW_2022.05.06.csproj", "{BC78CEB9-069C-4B2D-AE0C-B32595460275}"
EndProject
Project("{9A19103F-16F7-4668-BE54-9A1E7A4F7556}") = "HW_2022.05.06", "HW_2022.05.06\HW_2022.05.06.csproj", "{B00E1D02-34C7-4581-82F4-C583334E0C6B}"
EndProject
Project("{9A19103F-16F7-4668-BE54-9A1E7A4F7556}") = "PW_2022.05.09", "PW_2022.05.09\PW_2022.05.09.csproj", "{F667455A-8CBC-40C3-9662-FAA49A732CD1}"
EndProject
Project("{9A19103F-16F7-4668-BE54-9A1E7A4F7556}") = "HW_2022.05.09", "HW_2022.05.09\HW_2022.05.09.csproj", "{E99D65AE-16D3-4541-AB33-1A0B5BE62748}"
EndProject
Project("{9A19103F-16F7-4668-BE54-9A1E7A4F7556}") = "PW_2022.05.11", "PW_2022.05.11\PW_2022.05.11.csproj", "{3FD0A2EB-AB36-4545-B0C4-FD044ACD3856}"
EndProject
Project("{9A19103F-16F7-4668-BE54-9A1E7A4F7556}") = "PW_2022.05.13", "PW_2022.05.13\PW_2022.05.13.csproj", "{A2CC0E73-6F27-44E8-B88C-0C827C44CB5D}"
EndProject
Project("{9A19103F-16F7-4668-BE54-9A1E7A4F7556}") = "HW_2022.05.13", "HW_2022.05.13\HW_2022.05.13.csproj", "{5C6BDC52-5971-441B-B471-B42E9E402262}"
EndProject
Project("{FAE04EC0-301F-11D3-BF4B-00C04F79EFBC}") = "PW_2022.05.16_WPF", "PW_2022.05.16_WPF\PW_2022.05.16_WPF.csproj", "{C05B9A7C-6CD4-46B1-8A69-2EC0E60489E3}"
EndProject
Project("{FAE04EC0-301F-11D3-BF4B-00C04F79EFBC}") = "PW_2022.05.16_WPF_Part_II", "PW_2022.05.16_WPF_Part_II\PW_2022.05.16_WPF_Part_II.csproj", "{03FBA5CE-29B0-4F37-9D54-36A7D3E5B470}"
EndProject
Project("{FAE04EC0-301F-11D3-BF4B-00C04F79EFBC}") = "HW_2022.05.16_WPF", "HW_2022.05.16_WPF\HW_2022.05.16_WPF.csproj", "{4A36F347-4AAC-436C-A479-5F5D37536CDF}"
EndProject
Project("{FAE04EC0-301F-11D3-BF4B-00C04F79EFBC}") = "PW_2022.05.18_WPF", "PW_2022.05.18_WPF\PW_2022.05.18_WPF.csproj", "{1E0A4D45-A336-438C-9959-7A9353D41998}"
EndProject
Project("{FAE04EC0-301F-11D3-BF4B-00C04F79EFBC}") = "PW_2022.05.18_WPF_Part_II", "PW_2022.05.18_WPF_Part_II\PW_2022.05.18_WPF_Part_II.csproj", "{BC63FB49-DA58-4056-8124-814507972411}"
EndProject
Project("{FAE04EC0-301F-11D3-BF4B-00C04F79EFBC}") = "PW_2022.05.18_WPF_Part_III", "PW_2022.05.18_WPF_Part_III\PW_2022.05.18_WPF_Part_III.csproj", "{590C8894-1609-4B24-8598-F74182A02A6D}"
EndProject
Project("{FAE04EC0-301F-11D3-BF4B-00C04F79EFBC}") = "PW_2022.05.18_WPF_Part_IV", "PW_2022.05.18_WPF_Part_IV\PW_2022.05.18_WPF_Part_IV.csproj", "{D808541A-A6C1-46E9-A446-AEB59B666FC2}"
EndProject
Project("{FAE04EC0-301F-11D3-BF4B-00C04F79EFBC}") = "PW_2022.05.18_WPF_Part_V", "PW_2022.05.18_WPF_Part_V\PW_2022.05.18_WPF_Part_V.csproj", "{11445598-6AED-4735-96F4-EBCEAF3B5510}"
EndProject
Project("{FAE04EC0-301F-11D3-BF4B-00C04F79EFBC}") = "HW_2022.05.18_WPF", "HW_2022.05.18_WPF\HW_2022.05.18_WPF.csproj", "{0E481BB2-7DC4-42E2-B04D-AB2D940F894E}"
EndProject
Project("{FAE04EC0-301F-11D3-BF4B-00C04F79EFBC}") = "HW_2022.05.20_WPF", "HW_2022.05.20_WPF\HW_2022.05.20_WPF.csproj", "{13ACD797-11D3-45EA-A0AE-BD1C299F1735}"
EndProject
Project("{FAE04EC0-301F-11D3-BF4B-00C04F79EFBC}") = "HW_2022.05.20_WPF_Part_II", "HW_2022.05.20_WPF_Part_II\HW_2022.05.20_WPF_Part_II.csproj", "{F8CB743A-DD62-4037-8DC1-1C148D462683}"
EndProject
Project("{FAE04EC0-301F-11D3-BF4B-00C04F79EFBC}") = "PW_2022.05.25_WPF", "PW_2022.05.25_WPF\PW_2022.05.25_WPF.csproj", "{D614E4BA-F643-4221-AF27-8A47A1FF000F}"
EndProject
Project("{FAE04EC0-301F-11D3-BF4B-00C04F79EFBC}") = "PW_2022.05.25_WPF_Part_II", "PW_2022.05.25_WPF_Part_II\PW_2022.05.25_WPF_Part_II.csproj", "{89E1E1C3-EDB0-46C0-B2E4-5AF769683CCA}"
EndProject
Project("{FAE04EC0-301F-11D3-BF4B-00C04F79EFBC}") = "HW_2022.05.25_WPF", "HW_2022.05.25_WPF\HW_2022.05.25_WPF.csproj", "{029BC832-C3DD-43A4-ADA2-71FB7AA5612E}"
EndProject
Project("{FAE04EC0-301F-11D3-BF4B-00C04F79EFBC}") = "PW_2022.05.27_WPF", "PW_2022.05.27_WPF\PW_2022.05.27_WPF.csproj", "{029413F5-8FA3-48C1-A275-D4B9D820D05F}"
EndProject
Project("{FAE04EC0-301F-11D3-BF4B-00C04F79EFBC}") = "PW_2022.05.27_WPF_V2", "PW_2022.05.27_WPF_V2\PW_2022.05.27_WPF_V2.csproj", "{1F3ED44B-DB75-4753-95CA-0CE3626223F8}"
EndProject
Project("{FAE04EC0-301F-11D3-BF4B-00C04F79EFBC}") = "PW_2022.05.30_WPF", "PW_2022.05.30_WPF\PW_2022.05.30_WPF.csproj", "{EA060D91-56DB-47CE-B3B5-07C312990F90}"
EndProject
Project("{FAE04EC0-301F-11D3-BF4B-00C04F79EFBC}") = "HW_2022.05.30_WPF", "HW_2022.05.30_WPF\HW_2022.05.30_WPF.csproj", "{F10C193E-0A4B-4739-A8F7-529122A1115E}"
EndProject
Project("{FAE04EC0-301F-11D3-BF4B-00C04F79EFBC}") = "PW_2022.06.01_WPF", "PW_2022.06.01_WPF\PW_2022.06.01_WPF.csproj", "{E5E0E0CE-1F7D-46FB-A8B2-E0B997347D86}"
EndProject
Global
	GlobalSection(SolutionConfigurationPlatforms) = preSolution
		Debug|Any CPU = Debug|Any CPU
		Release|Any CPU = Release|Any CPU
	EndGlobalSection
	GlobalSection(ProjectConfigurationPlatforms) = postSolution
		{78B36AE1-5A37-4AC5-839E-5052F8D5B48A}.Debug|Any CPU.ActiveCfg = Debug|Any CPU
		{78B36AE1-5A37-4AC5-839E-5052F8D5B48A}.Debug|Any CPU.Build.0 = Debug|Any CPU
		{78B36AE1-5A37-4AC5-839E-5052F8D5B48A}.Release|Any CPU.ActiveCfg = Release|Any CPU
		{78B36AE1-5A37-4AC5-839E-5052F8D5B48A}.Release|Any CPU.Build.0 = Release|Any CPU
		{1E0E907F-6AF5-408D-950A-FEEEAD810701}.Debug|Any CPU.ActiveCfg = Debug|Any CPU
		{1E0E907F-6AF5-408D-950A-FEEEAD810701}.Debug|Any CPU.Build.0 = Debug|Any CPU
		{1E0E907F-6AF5-408D-950A-FEEEAD810701}.Release|Any CPU.ActiveCfg = Release|Any CPU
		{1E0E907F-6AF5-408D-950A-FEEEAD810701}.Release|Any CPU.Build.0 = Release|Any CPU
		{BABE3F5F-6246-4804-8D3F-6BC1EC7BB934}.Debug|Any CPU.ActiveCfg = Debug|Any CPU
		{BABE3F5F-6246-4804-8D3F-6BC1EC7BB934}.Debug|Any CPU.Build.0 = Debug|Any CPU
		{BABE3F5F-6246-4804-8D3F-6BC1EC7BB934}.Release|Any CPU.ActiveCfg = Release|Any CPU
		{BABE3F5F-6246-4804-8D3F-6BC1EC7BB934}.Release|Any CPU.Build.0 = Release|Any CPU
		{867F2C41-6262-4510-8854-FB47F913E238}.Debug|Any CPU.ActiveCfg = Debug|Any CPU
		{867F2C41-6262-4510-8854-FB47F913E238}.Debug|Any CPU.Build.0 = Debug|Any CPU
		{867F2C41-6262-4510-8854-FB47F913E238}.Release|Any CPU.ActiveCfg = Release|Any CPU
		{867F2C41-6262-4510-8854-FB47F913E238}.Release|Any CPU.Build.0 = Release|Any CPU
		{390653BF-0AEC-4593-BE4A-1F1422FA023F}.Debug|Any CPU.ActiveCfg = Debug|Any CPU
		{390653BF-0AEC-4593-BE4A-1F1422FA023F}.Debug|Any CPU.Build.0 = Debug|Any CPU
		{390653BF-0AEC-4593-BE4A-1F1422FA023F}.Release|Any CPU.ActiveCfg = Release|Any CPU
		{390653BF-0AEC-4593-BE4A-1F1422FA023F}.Release|Any CPU.Build.0 = Release|Any CPU
		{18850DAF-A5A1-4F9F-9286-FB6AC44C807F}.Debug|Any CPU.ActiveCfg = Debug|Any CPU
		{18850DAF-A5A1-4F9F-9286-FB6AC44C807F}.Debug|Any CPU.Build.0 = Debug|Any CPU
		{18850DAF-A5A1-4F9F-9286-FB6AC44C807F}.Release|Any CPU.ActiveCfg = Release|Any CPU
		{18850DAF-A5A1-4F9F-9286-FB6AC44C807F}.Release|Any CPU.Build.0 = Release|Any CPU
		{1A362757-A0BD-4379-ACF9-E900D4DB9FF3}.Debug|Any CPU.ActiveCfg = Debug|Any CPU
		{1A362757-A0BD-4379-ACF9-E900D4DB9FF3}.Debug|Any CPU.Build.0 = Debug|Any CPU
		{1A362757-A0BD-4379-ACF9-E900D4DB9FF3}.Release|Any CPU.ActiveCfg = Release|Any CPU
		{1A362757-A0BD-4379-ACF9-E900D4DB9FF3}.Release|Any CPU.Build.0 = Release|Any CPU
		{030BD274-FA77-4C80-B313-A91928B7C833}.Debug|Any CPU.ActiveCfg = Debug|Any CPU
		{030BD274-FA77-4C80-B313-A91928B7C833}.Debug|Any CPU.Build.0 = Debug|Any CPU
		{030BD274-FA77-4C80-B313-A91928B7C833}.Release|Any CPU.ActiveCfg = Release|Any CPU
		{030BD274-FA77-4C80-B313-A91928B7C833}.Release|Any CPU.Build.0 = Release|Any CPU
		{00B0A8D7-2E0B-4D5E-9642-1AEA76D97B09}.Debug|Any CPU.ActiveCfg = Debug|Any CPU
		{00B0A8D7-2E0B-4D5E-9642-1AEA76D97B09}.Debug|Any CPU.Build.0 = Debug|Any CPU
		{00B0A8D7-2E0B-4D5E-9642-1AEA76D97B09}.Release|Any CPU.ActiveCfg = Release|Any CPU
		{00B0A8D7-2E0B-4D5E-9642-1AEA76D97B09}.Release|Any CPU.Build.0 = Release|Any CPU
		{BC78CEB9-069C-4B2D-AE0C-B32595460275}.Debug|Any CPU.ActiveCfg = Debug|Any CPU
		{BC78CEB9-069C-4B2D-AE0C-B32595460275}.Debug|Any CPU.Build.0 = Debug|Any CPU
		{BC78CEB9-069C-4B2D-AE0C-B32595460275}.Release|Any CPU.ActiveCfg = Release|Any CPU
		{BC78CEB9-069C-4B2D-AE0C-B32595460275}.Release|Any CPU.Build.0 = Release|Any CPU
		{B00E1D02-34C7-4581-82F4-C583334E0C6B}.Debug|Any CPU.ActiveCfg = Debug|Any CPU
		{B00E1D02-34C7-4581-82F4-C583334E0C6B}.Debug|Any CPU.Build.0 = Debug|Any CPU
		{B00E1D02-34C7-4581-82F4-C583334E0C6B}.Release|Any CPU.ActiveCfg = Release|Any CPU
		{B00E1D02-34C7-4581-82F4-C583334E0C6B}.Release|Any CPU.Build.0 = Release|Any CPU
		{F667455A-8CBC-40C3-9662-FAA49A732CD1}.Debug|Any CPU.ActiveCfg = Debug|Any CPU
		{F667455A-8CBC-40C3-9662-FAA49A732CD1}.Debug|Any CPU.Build.0 = Debug|Any CPU
		{F667455A-8CBC-40C3-9662-FAA49A732CD1}.Release|Any CPU.ActiveCfg = Release|Any CPU
		{F667455A-8CBC-40C3-9662-FAA49A732CD1}.Release|Any CPU.Build.0 = Release|Any CPU
		{E99D65AE-16D3-4541-AB33-1A0B5BE62748}.Debug|Any CPU.ActiveCfg = Debug|Any CPU
		{E99D65AE-16D3-4541-AB33-1A0B5BE62748}.Debug|Any CPU.Build.0 = Debug|Any CPU
		{E99D65AE-16D3-4541-AB33-1A0B5BE62748}.Release|Any CPU.ActiveCfg = Release|Any CPU
		{E99D65AE-16D3-4541-AB33-1A0B5BE62748}.Release|Any CPU.Build.0 = Release|Any CPU
		{3FD0A2EB-AB36-4545-B0C4-FD044ACD3856}.Debug|Any CPU.ActiveCfg = Debug|Any CPU
		{3FD0A2EB-AB36-4545-B0C4-FD044ACD3856}.Debug|Any CPU.Build.0 = Debug|Any CPU
		{3FD0A2EB-AB36-4545-B0C4-FD044ACD3856}.Release|Any CPU.ActiveCfg = Release|Any CPU
		{3FD0A2EB-AB36-4545-B0C4-FD044ACD3856}.Release|Any CPU.Build.0 = Release|Any CPU
		{A2CC0E73-6F27-44E8-B88C-0C827C44CB5D}.Debug|Any CPU.ActiveCfg = Debug|Any CPU
		{A2CC0E73-6F27-44E8-B88C-0C827C44CB5D}.Debug|Any CPU.Build.0 = Debug|Any CPU
		{A2CC0E73-6F27-44E8-B88C-0C827C44CB5D}.Release|Any CPU.ActiveCfg = Release|Any CPU
		{A2CC0E73-6F27-44E8-B88C-0C827C44CB5D}.Release|Any CPU.Build.0 = Release|Any CPU
		{5C6BDC52-5971-441B-B471-B42E9E402262}.Debug|Any CPU.ActiveCfg = Debug|Any CPU
		{5C6BDC52-5971-441B-B471-B42E9E402262}.Debug|Any CPU.Build.0 = Debug|Any CPU
		{5C6BDC52-5971-441B-B471-B42E9E402262}.Release|Any CPU.ActiveCfg = Release|Any CPU
		{5C6BDC52-5971-441B-B471-B42E9E402262}.Release|Any CPU.Build.0 = Release|Any CPU
		{C05B9A7C-6CD4-46B1-8A69-2EC0E60489E3}.Debug|Any CPU.ActiveCfg = Debug|Any CPU
		{C05B9A7C-6CD4-46B1-8A69-2EC0E60489E3}.Debug|Any CPU.Build.0 = Debug|Any CPU
		{C05B9A7C-6CD4-46B1-8A69-2EC0E60489E3}.Release|Any CPU.ActiveCfg = Release|Any CPU
		{C05B9A7C-6CD4-46B1-8A69-2EC0E60489E3}.Release|Any CPU.Build.0 = Release|Any CPU
		{03FBA5CE-29B0-4F37-9D54-36A7D3E5B470}.Debug|Any CPU.ActiveCfg = Debug|Any CPU
		{03FBA5CE-29B0-4F37-9D54-36A7D3E5B470}.Debug|Any CPU.Build.0 = Debug|Any CPU
		{03FBA5CE-29B0-4F37-9D54-36A7D3E5B470}.Release|Any CPU.ActiveCfg = Release|Any CPU
		{03FBA5CE-29B0-4F37-9D54-36A7D3E5B470}.Release|Any CPU.Build.0 = Release|Any CPU
		{4A36F347-4AAC-436C-A479-5F5D37536CDF}.Debug|Any CPU.ActiveCfg = Debug|Any CPU
		{4A36F347-4AAC-436C-A479-5F5D37536CDF}.Debug|Any CPU.Build.0 = Debug|Any CPU
		{4A36F347-4AAC-436C-A479-5F5D37536CDF}.Release|Any CPU.ActiveCfg = Release|Any CPU
		{4A36F347-4AAC-436C-A479-5F5D37536CDF}.Release|Any CPU.Build.0 = Release|Any CPU
		{1E0A4D45-A336-438C-9959-7A9353D41998}.Debug|Any CPU.ActiveCfg = Debug|Any CPU
		{1E0A4D45-A336-438C-9959-7A9353D41998}.Debug|Any CPU.Build.0 = Debug|Any CPU
		{1E0A4D45-A336-438C-9959-7A9353D41998}.Release|Any CPU.ActiveCfg = Release|Any CPU
		{1E0A4D45-A336-438C-9959-7A9353D41998}.Release|Any CPU.Build.0 = Release|Any CPU
		{BC63FB49-DA58-4056-8124-814507972411}.Debug|Any CPU.ActiveCfg = Debug|Any CPU
		{BC63FB49-DA58-4056-8124-814507972411}.Debug|Any CPU.Build.0 = Debug|Any CPU
		{BC63FB49-DA58-4056-8124-814507972411}.Release|Any CPU.ActiveCfg = Release|Any CPU
		{BC63FB49-DA58-4056-8124-814507972411}.Release|Any CPU.Build.0 = Release|Any CPU
		{590C8894-1609-4B24-8598-F74182A02A6D}.Debug|Any CPU.ActiveCfg = Debug|Any CPU
		{590C8894-1609-4B24-8598-F74182A02A6D}.Debug|Any CPU.Build.0 = Debug|Any CPU
		{590C8894-1609-4B24-8598-F74182A02A6D}.Release|Any CPU.ActiveCfg = Release|Any CPU
		{590C8894-1609-4B24-8598-F74182A02A6D}.Release|Any CPU.Build.0 = Release|Any CPU
		{D808541A-A6C1-46E9-A446-AEB59B666FC2}.Debug|Any CPU.ActiveCfg = Debug|Any CPU
		{D808541A-A6C1-46E9-A446-AEB59B666FC2}.Debug|Any CPU.Build.0 = Debug|Any CPU
		{D808541A-A6C1-46E9-A446-AEB59B666FC2}.Release|Any CPU.ActiveCfg = Release|Any CPU
		{D808541A-A6C1-46E9-A446-AEB59B666FC2}.Release|Any CPU.Build.0 = Release|Any CPU
		{11445598-6AED-4735-96F4-EBCEAF3B5510}.Debug|Any CPU.ActiveCfg = Debug|Any CPU
		{11445598-6AED-4735-96F4-EBCEAF3B5510}.Debug|Any CPU.Build.0 = Debug|Any CPU
		{11445598-6AED-4735-96F4-EBCEAF3B5510}.Release|Any CPU.ActiveCfg = Release|Any CPU
		{11445598-6AED-4735-96F4-EBCEAF3B5510}.Release|Any CPU.Build.0 = Release|Any CPU
		{0E481BB2-7DC4-42E2-B04D-AB2D940F894E}.Debug|Any CPU.ActiveCfg = Debug|Any CPU
		{0E481BB2-7DC4-42E2-B04D-AB2D940F894E}.Debug|Any CPU.Build.0 = Debug|Any CPU
		{0E481BB2-7DC4-42E2-B04D-AB2D940F894E}.Release|Any CPU.ActiveCfg = Release|Any CPU
		{0E481BB2-7DC4-42E2-B04D-AB2D940F894E}.Release|Any CPU.Build.0 = Release|Any CPU
		{13ACD797-11D3-45EA-A0AE-BD1C299F1735}.Debug|Any CPU.ActiveCfg = Debug|Any CPU
		{13ACD797-11D3-45EA-A0AE-BD1C299F1735}.Debug|Any CPU.Build.0 = Debug|Any CPU
		{13ACD797-11D3-45EA-A0AE-BD1C299F1735}.Release|Any CPU.ActiveCfg = Release|Any CPU
		{13ACD797-11D3-45EA-A0AE-BD1C299F1735}.Release|Any CPU.Build.0 = Release|Any CPU
		{F8CB743A-DD62-4037-8DC1-1C148D462683}.Debug|Any CPU.ActiveCfg = Debug|Any CPU
		{F8CB743A-DD62-4037-8DC1-1C148D462683}.Debug|Any CPU.Build.0 = Debug|Any CPU
		{F8CB743A-DD62-4037-8DC1-1C148D462683}.Release|Any CPU.ActiveCfg = Release|Any CPU
		{F8CB743A-DD62-4037-8DC1-1C148D462683}.Release|Any CPU.Build.0 = Release|Any CPU
		{D614E4BA-F643-4221-AF27-8A47A1FF000F}.Debug|Any CPU.ActiveCfg = Debug|Any CPU
		{D614E4BA-F643-4221-AF27-8A47A1FF000F}.Debug|Any CPU.Build.0 = Debug|Any CPU
		{D614E4BA-F643-4221-AF27-8A47A1FF000F}.Release|Any CPU.ActiveCfg = Release|Any CPU
		{D614E4BA-F643-4221-AF27-8A47A1FF000F}.Release|Any CPU.Build.0 = Release|Any CPU
		{89E1E1C3-EDB0-46C0-B2E4-5AF769683CCA}.Debug|Any CPU.ActiveCfg = Debug|Any CPU
		{89E1E1C3-EDB0-46C0-B2E4-5AF769683CCA}.Debug|Any CPU.Build.0 = Debug|Any CPU
		{89E1E1C3-EDB0-46C0-B2E4-5AF769683CCA}.Release|Any CPU.ActiveCfg = Release|Any CPU
		{89E1E1C3-EDB0-46C0-B2E4-5AF769683CCA}.Release|Any CPU.Build.0 = Release|Any CPU
		{029BC832-C3DD-43A4-ADA2-71FB7AA5612E}.Debug|Any CPU.ActiveCfg = Debug|Any CPU
		{029BC832-C3DD-43A4-ADA2-71FB7AA5612E}.Debug|Any CPU.Build.0 = Debug|Any CPU
		{029BC832-C3DD-43A4-ADA2-71FB7AA5612E}.Release|Any CPU.ActiveCfg = Release|Any CPU
		{029BC832-C3DD-43A4-ADA2-71FB7AA5612E}.Release|Any CPU.Build.0 = Release|Any CPU
		{029413F5-8FA3-48C1-A275-D4B9D820D05F}.Debug|Any CPU.ActiveCfg = Debug|Any CPU
		{029413F5-8FA3-48C1-A275-D4B9D820D05F}.Debug|Any CPU.Build.0 = Debug|Any CPU
		{029413F5-8FA3-48C1-A275-D4B9D820D05F}.Release|Any CPU.ActiveCfg = Release|Any CPU
		{029413F5-8FA3-48C1-A275-D4B9D820D05F}.Release|Any CPU.Build.0 = Release|Any CPU
		{1F3ED44B-DB75-4753-95CA-0CE3626223F8}.Debug|Any CPU.ActiveCfg = Debug|Any CPU
		{1F3ED44B-DB75-4753-95CA-0CE3626223F8}.Debug|Any CPU.Build.0 = Debug|Any CPU
		{1F3ED44B-DB75-4753-95CA-0CE3626223F8}.Release|Any CPU.ActiveCfg = Release|Any CPU
		{1F3ED44B-DB75-4753-95CA-0CE3626223F8}.Release|Any CPU.Build.0 = Release|Any CPU
		{EA060D91-56DB-47CE-B3B5-07C312990F90}.Debug|Any CPU.ActiveCfg = Debug|Any CPU
		{EA060D91-56DB-47CE-B3B5-07C312990F90}.Debug|Any CPU.Build.0 = Debug|Any CPU
		{EA060D91-56DB-47CE-B3B5-07C312990F90}.Release|Any CPU.ActiveCfg = Release|Any CPU
		{EA060D91-56DB-47CE-B3B5-07C312990F90}.Release|Any CPU.Build.0 = Release|Any CPU
		{F10C193E-0A4B-4739-A8F7-529122A1115E}.Debug|Any CPU.ActiveCfg = Debug|Any CPU
		{F10C193E-0A4B-4739-A8F7-529122A1115E}.Debug|Any CPU.Build.0 = Debug|Any CPU
		{F10C193E-0A4B-4739-A8F7-529122A1115E}.Release|Any CPU.ActiveCfg = Release|Any CPU
		{F10C193E-0A4B-4739-A8F7-529122A1115E}.Release|Any CPU.Build.0 = Release|Any CPU
		{E5E0E0CE-1F7D-46FB-A8B2-E0B997347D86}.Debug|Any CPU.ActiveCfg = Debug|Any CPU
		{E5E0E0CE-1F7D-46FB-A8B2-E0B997347D86}.Debug|Any CPU.Build.0 = Debug|Any CPU
		{E5E0E0CE-1F7D-46FB-A8B2-E0B997347D86}.Release|Any CPU.ActiveCfg = Release|Any CPU
		{E5E0E0CE-1F7D-46FB-A8B2-E0B997347D86}.Release|Any CPU.Build.0 = Release|Any CPU
	EndGlobalSection
	GlobalSection(SolutionProperties) = preSolution
		HideSolutionNode = FALSE
	EndGlobalSection
	GlobalSection(ExtensibilityGlobals) = postSolution
		SolutionGuid = {93862F50-9611-4B8B-A358-D6FA3D7EC9C2}
	EndGlobalSection
EndGlobal
